
Microsoft Visual Studio Solution File, Format Version 12.00
# Visual Studio 2013
VisualStudioVersion = 12.0.40629.0
MinimumVisualStudioVersion = 10.0.40219.1
Project("{8BC9CEB8-8B4A-11D0-8D11-00A0C91BC942}") = "Basic", "..\..\Basic\vc2013\Basic.vcxproj", "{2D49D0F4-8E05-4257-8052-4FDDA85D1362}"
EndProject
Project("{8BC9CEB8-8B4A-11D0-8D11-00A0C91BC942}") = "FontSizes", "..\..\FontSizes\vc2013\FontSizes.vcxproj", "{F8EC5F49-F1F4-41B6-9A1F-8DC0D26A4CAB}"
EndProject
Project("{8BC9CEB8-8B4A-11D0-8D11-00A0C91BC942}") = "Languages", "..\..\Languages\vc2013\Languages.vcxproj", "{BAB4EBF4-E361-4E51-B743-C6FDC86A7464}"
EndProject
Project("{8BC9CEB8-8B4A-11D0-8D11-00A0C91BC942}") = "SaveLoad", "..\..\SaveLoad\vc2013\SaveLoad.vcxproj", "{EFC6A28D-5F52-483E-8667-795AF308C8EF}"
EndProject
Project("{8BC9CEB8-8B4A-11D0-8D11-00A0C91BC942}") = "CreateSaveLoad", "..\..\CreateSaveLoad\vc2013\CreateSaveLoad.vcxproj", "{13191B3D-DEBE-49F0-800F-32048614949C}"
EndProject
Project("{8BC9CEB8-8B4A-11D0-8D11-00A0C91BC942}") = "StarWars", "..\..\StarWars\vc2013\StarWars.vcxproj", "{05F9432E-4396-4427-9B78-A9DB680C7140}"
EndProject
Project("{8BC9CEB8-8B4A-11D0-8D11-00A0C91BC942}") = "BasicMesh", "..\..\BasicMesh\vc2013\BasicMesh.vcxproj", "{022DEB01-A1F9-438F-9A33-3204F8C04816}"
EndProject
Project("{8BC9CEB8-8B4A-11D0-8D11-00A0C91BC942}") = "MeshPages", "..\..\MeshPages\vc2013\MeshPages.vcxproj", "{1DBAE4DA-7CC4-4BDD-904D-971A2901C3DE}"
EndProject
Project("{8BC9CEB8-8B4A-11D0-8D11-00A0C91BC942}") = "MeasureString", "..\..\MeasureString\vc2013\MeasureString.vcxproj", "{4592F488-7210-4E93-9DC4-F2445CFA8985}"
EndProject
Global
	GlobalSection(SolutionConfigurationPlatforms) = preSolution
		Debug|Win32 = Debug|Win32
		Debug|x64 = Debug|x64
		Release|Win32 = Release|Win32
		Release|x64 = Release|x64
	EndGlobalSection
	GlobalSection(ProjectConfigurationPlatforms) = postSolution
		{2D49D0F4-8E05-4257-8052-4FDDA85D1362}.Debug|Win32.ActiveCfg = Debug|Win32
		{2D49D0F4-8E05-4257-8052-4FDDA85D1362}.Debug|Win32.Build.0 = Debug|Win32
		{2D49D0F4-8E05-4257-8052-4FDDA85D1362}.Debug|x64.ActiveCfg = Debug|x64
		{2D49D0F4-8E05-4257-8052-4FDDA85D1362}.Debug|x64.Build.0 = Debug|x64
		{2D49D0F4-8E05-4257-8052-4FDDA85D1362}.Release|Win32.ActiveCfg = Release|Win32
		{2D49D0F4-8E05-4257-8052-4FDDA85D1362}.Release|Win32.Build.0 = Release|Win32
		{2D49D0F4-8E05-4257-8052-4FDDA85D1362}.Release|x64.ActiveCfg = Release|x64
		{2D49D0F4-8E05-4257-8052-4FDDA85D1362}.Release|x64.Build.0 = Release|x64
		{F8EC5F49-F1F4-41B6-9A1F-8DC0D26A4CAB}.Debug|Win32.ActiveCfg = Debug|Win32
		{F8EC5F49-F1F4-41B6-9A1F-8DC0D26A4CAB}.Debug|Win32.Build.0 = Debug|Win32
		{F8EC5F49-F1F4-41B6-9A1F-8DC0D26A4CAB}.Debug|x64.ActiveCfg = Debug|x64
		{F8EC5F49-F1F4-41B6-9A1F-8DC0D26A4CAB}.Debug|x64.Build.0 = Debug|x64
		{F8EC5F49-F1F4-41B6-9A1F-8DC0D26A4CAB}.Release|Win32.ActiveCfg = Release|Win32
		{F8EC5F49-F1F4-41B6-9A1F-8DC0D26A4CAB}.Release|Win32.Build.0 = Release|Win32
		{F8EC5F49-F1F4-41B6-9A1F-8DC0D26A4CAB}.Release|x64.ActiveCfg = Release|x64
		{F8EC5F49-F1F4-41B6-9A1F-8DC0D26A4CAB}.Release|x64.Build.0 = Release|x64
		{BAB4EBF4-E361-4E51-B743-C6FDC86A7464}.Debug|Win32.ActiveCfg = Debug|Win32
		{BAB4EBF4-E361-4E51-B743-C6FDC86A7464}.Debug|Win32.Build.0 = Debug|Win32
		{BAB4EBF4-E361-4E51-B743-C6FDC86A7464}.Debug|x64.ActiveCfg = Debug|x64
		{BAB4EBF4-E361-4E51-B743-C6FDC86A7464}.Debug|x64.Build.0 = Debug|x64
		{BAB4EBF4-E361-4E51-B743-C6FDC86A7464}.Release|Win32.ActiveCfg = Release|Win32
		{BAB4EBF4-E361-4E51-B743-C6FDC86A7464}.Release|Win32.Build.0 = Release|Win32
		{BAB4EBF4-E361-4E51-B743-C6FDC86A7464}.Release|x64.ActiveCfg = Release|x64
		{BAB4EBF4-E361-4E51-B743-C6FDC86A7464}.Release|x64.Build.0 = Release|x64
		{EFC6A28D-5F52-483E-8667-795AF308C8EF}.Debug|Win32.ActiveCfg = Debug|Win32
		{EFC6A28D-5F52-483E-8667-795AF308C8EF}.Debug|Win32.Build.0 = Debug|Win32
		{EFC6A28D-5F52-483E-8667-795AF308C8EF}.Debug|x64.ActiveCfg = Debug|x64
		{EFC6A28D-5F52-483E-8667-795AF308C8EF}.Debug|x64.Build.0 = Debug|x64
		{EFC6A28D-5F52-483E-8667-795AF308C8EF}.Release|Win32.ActiveCfg = Release|Win32
		{EFC6A28D-5F52-483E-8667-795AF308C8EF}.Release|Win32.Build.0 = Release|Win32
		{EFC6A28D-5F52-483E-8667-795AF308C8EF}.Release|x64.ActiveCfg = Release|x64
		{EFC6A28D-5F52-483E-8667-795AF308C8EF}.Release|x64.Build.0 = Release|x64
		{13191B3D-DEBE-49F0-800F-32048614949C}.Debug|Win32.ActiveCfg = Debug|Win32
		{13191B3D-DEBE-49F0-800F-32048614949C}.Debug|Win32.Build.0 = Debug|Win32
		{13191B3D-DEBE-49F0-800F-32048614949C}.Debug|x64.ActiveCfg = Debug|x64
		{13191B3D-DEBE-49F0-800F-32048614949C}.Debug|x64.Build.0 = Debug|x64
		{13191B3D-DEBE-49F0-800F-32048614949C}.Release|Win32.ActiveCfg = Release|Win32
		{13191B3D-DEBE-49F0-800F-32048614949C}.Release|Win32.Build.0 = Release|Win32
		{13191B3D-DEBE-49F0-800F-32048614949C}.Release|x64.ActiveCfg = Release|x64
		{13191B3D-DEBE-49F0-800F-32048614949C}.Release|x64.Build.0 = Release|x64
		{05F9432E-4396-4427-9B78-A9DB680C7140}.Debug|Win32.ActiveCfg = Debug|Win32
		{05F9432E-4396-4427-9B78-A9DB680C7140}.Debug|Win32.Build.0 = Debug|Win32
		{05F9432E-4396-4427-9B78-A9DB680C7140}.Debug|x64.ActiveCfg = Debug|x64
		{05F9432E-4396-4427-9B78-A9DB680C7140}.Debug|x64.Build.0 = Debug|x64
		{05F9432E-4396-4427-9B78-A9DB680C7140}.Release|Win32.ActiveCfg = Release|Win32
		{05F9432E-4396-4427-9B78-A9DB680C7140}.Release|Win32.Build.0 = Release|Win32
		{05F9432E-4396-4427-9B78-A9DB680C7140}.Release|x64.ActiveCfg = Release|x64
		{05F9432E-4396-4427-9B78-A9DB680C7140}.Release|x64.Build.0 = Release|x64
		{022DEB01-A1F9-438F-9A33-3204F8C04816}.Debug|Win32.ActiveCfg = Debug|Win32
		{022DEB01-A1F9-438F-9A33-3204F8C04816}.Debug|Win32.Build.0 = Debug|Win32
		{022DEB01-A1F9-438F-9A33-3204F8C04816}.Debug|x64.ActiveCfg = Debug|x64
		{022DEB01-A1F9-438F-9A33-3204F8C04816}.Debug|x64.Build.0 = Debug|x64
		{022DEB01-A1F9-438F-9A33-3204F8C04816}.Release|Win32.ActiveCfg = Release|Win32
		{022DEB01-A1F9-438F-9A33-3204F8C04816}.Release|Win32.Build.0 = Release|Win32
		{022DEB01-A1F9-438F-9A33-3204F8C04816}.Release|x64.ActiveCfg = Release|x64
		{022DEB01-A1F9-438F-9A33-3204F8C04816}.Release|x64.Build.0 = Release|x64
		{1DBAE4DA-7CC4-4BDD-904D-971A2901C3DE}.Debug|Win32.ActiveCfg = Debug|Win32
		{1DBAE4DA-7CC4-4BDD-904D-971A2901C3DE}.Debug|Win32.Build.0 = Debug|Win32
		{1DBAE4DA-7CC4-4BDD-904D-971A2901C3DE}.Debug|x64.ActiveCfg = Debug|x64
		{1DBAE4DA-7CC4-4BDD-904D-971A2901C3DE}.Debug|x64.Build.0 = Debug|x64
		{1DBAE4DA-7CC4-4BDD-904D-971A2901C3DE}.Release|Win32.ActiveCfg = Release|Win32
		{1DBAE4DA-7CC4-4BDD-904D-971A2901C3DE}.Release|Win32.Build.0 = Release|Win32
		{1DBAE4DA-7CC4-4BDD-904D-971A2901C3DE}.Release|x64.ActiveCfg = Release|x64
		{1DBAE4DA-7CC4-4BDD-904D-971A2901C3DE}.Release|x64.Build.0 = Release|x64
		{4592F488-7210-4E93-9DC4-F2445CFA8985}.Debug|Win32.ActiveCfg = Debug|Win32
		{4592F488-7210-4E93-9DC4-F2445CFA8985}.Debug|Win32.Build.0 = Debug|Win32
		{4592F488-7210-4E93-9DC4-F2445CFA8985}.Debug|x64.ActiveCfg = Debug|x64
		{4592F488-7210-4E93-9DC4-F2445CFA8985}.Debug|x64.Build.0 = Debug|x64
		{4592F488-7210-4E93-9DC4-F2445CFA8985}.Release|Win32.ActiveCfg = Release|Win32
		{4592F488-7210-4E93-9DC4-F2445CFA8985}.Release|Win32.Build.0 = Release|Win32
		{4592F488-7210-4E93-9DC4-F2445CFA8985}.Release|x64.ActiveCfg = Release|x64
		{4592F488-7210-4E93-9DC4-F2445CFA8985}.Release|x64.Build.0 = Release|x64
	EndGlobalSection
	GlobalSection(SolutionProperties) = preSolution
		HideSolutionNode = FALSE
	EndGlobalSection
EndGlobal
